{
  "name": "swag-braintree-storefront",
  "version": "1.0.0",
  "lockfileVersion": 3,
  "requires": true,
  "packages": {
    "": {
      "name": "swag-braintree-storefront",
      "version": "1.0.0",
      "license": "MIT",
      "dependencies": {
        "@friendsofshopware/storefront-sdk": "^0.1.2",
        "braintree-web": "^3.146.0"
      }
    },
    "node_modules/@braintree/asset-loader": {
      "version": "2.1.0",
      "resolved": "https://registry.npmjs.org/@braintree/asset-loader/-/asset-loader-2.1.0.tgz",
      "integrity": "sha512-2gt4uFmhQvTsv9TWmuJhZRABGcL5o2Ju1jvMPwc3r1kyB+Xm0KSFYsFBwXR5r38IDu5fYMBLWvHdgF0FIvubIg==",
      "license": "MIT"
    },
    "node_modules/@braintree/browser-detection": {
      "version": "2.1.0",
      "resolved": "https://registry.npmjs.org/@braintree/browser-detection/-/browser-detection-2.1.0.tgz",
      "integrity": "sha512-TbWESQre3wXBC3uag8X8xdr0zfD+FuhgUiuRxp2nkJagHB+NgA40zDOI8McGKijYFG7HeeAzNHW1MhFdEE1Blg==",
      "license": "MIT",
      "dependencies": {
        "detectincognitojs": "1.6.0"
      }
    },
    "node_modules/@braintree/event-emitter": {
      "version": "0.4.1",
      "resolved": "https://registry.npmjs.org/@braintree/event-emitter/-/event-emitter-0.4.1.tgz",
      "integrity": "sha512-X41357O3OXUDlnwMvS1m0GQEn3zB3s3flOBeg2J5OBvLvdJEIAVpPkblABPtsPrlciDSvfv1aSG5ixHPgFH0Zg==",
      "license": "MIT"
    },
    "node_modules/@braintree/extended-promise": {
      "version": "1.0.0",
      "resolved": "https://registry.npmjs.org/@braintree/extended-promise/-/extended-promise-1.0.0.tgz",
      "integrity": "sha512-E9529FJNG4OgeeLJ00vNs3TW67+AeSQobJg0hwfsQk29hgK4bVBsvQHVD4nwDuDD1Czon90K88gfQIFadAMs0w==",
      "license": "MIT"
    },
    "node_modules/@braintree/iframer": {
      "version": "2.0.1",
      "resolved": "https://registry.npmjs.org/@braintree/iframer/-/iframer-2.0.1.tgz",
      "integrity": "sha512-t1zJX5+f1yxHAzBJPaQT/XVMocKodUqjTE+hYvuxxWjqEZIbH8/eT5b5n767jY16mYw3+XiDkKHqcp4Pclq1wg==",
      "license": "MIT"
    },
    "node_modules/@braintree/sanitize-url": {
      "version": "7.0.4",
      "resolved": "https://registry.npmjs.org/@braintree/sanitize-url/-/sanitize-url-7.0.4.tgz",
      "integrity": "sha512-hPYRrKFoI+nuckPgDJfyYAkybFvheo4usS0Vw0HNAe+fmGBQA5Az37b/yStO284atBoqqdOUhKJ3d9Zw3PQkcQ==",
      "license": "MIT"
    },
    "node_modules/@braintree/uuid": {
      "version": "2.0.0",
      "resolved": "https://registry.npmjs.org/@braintree/uuid/-/uuid-2.0.0.tgz",
      "integrity": "sha512-4pv311AIfmU57aUh1w0SvtT5g8O+chQmetpMDoeLAGQzGMqp/eQA9YlHLR1/4xt6kpVgUMqG3ooJDijG69HB1Q==",
      "license": "ISC"
    },
    "node_modules/@braintree/wrap-promise": {
      "version": "2.1.0",
      "resolved": "https://registry.npmjs.org/@braintree/wrap-promise/-/wrap-promise-2.1.0.tgz",
      "integrity": "sha512-UIrJB+AfKU0CCfbMoWrsGpd2D/hBpY/SGgFI6WRHPOwhaZ3g9rz1weiJ6eb6L9KgVyunT7s2tckcPkbHw+NzeA==",
      "license": "MIT"
    },
    "node_modules/@friendsofshopware/storefront-sdk": {
      "version": "0.1.8",
      "resolved": "https://registry.npmjs.org/@friendsofshopware/storefront-sdk/-/storefront-sdk-0.1.8.tgz",
      "integrity": "sha512-e4fqd16iD3O0kxl6FQkUqQH0sGbHz74qfg5KjQlvfT4g2jltV6qjdc/vJOs1O3BRc+M287VOm108f8I6uIu9lA==",
      "license": "MIT",
      "dependencies": {
        "@friendsofshopware/storefront-types": "^0.1.1",
        "deepmerge": "^4.3.1"
      }
    },
    "node_modules/@friendsofshopware/storefront-types": {
      "version": "0.1.8",
      "resolved": "https://registry.npmjs.org/@friendsofshopware/storefront-types/-/storefront-types-0.1.8.tgz",
      "integrity": "sha512-os8Z1tukkGPdhRw5vEb7oiwZQlHO2rGyxFrIwzp9sHToGB69JSTlmCAtdg03BAFO9BpuiXrQNKtOy84SWCY1+Q==",
      "deprecated": "use offical @shopware-ag/storefront-types package",
      "license": "MIT",
      "dependencies": {
        "@types/bootstrap": "^5.2.0"
      }
    },
    "node_modules/@paypal/fastlane-sdk-loader": {
      "version": "1.2.1",
      "resolved": "https://registry.npmjs.org/@paypal/fastlane-sdk-loader/-/fastlane-sdk-loader-1.2.1.tgz",
      "integrity": "sha512-+kiVVpXorfmJjFY7keJrkGAlaXnAjQ7THEU9pi1ULJkr8tTb20fi/1NJeImUtbbkfZ7Zbk2mkT07qicLsXY1nw==",
      "license": "MIT",
      "dependencies": {
        "@braintree/asset-loader": "2.0.0",
        "envify": "^4.1.0",
        "typescript": "^4.6.4"
      }
    },
    "node_modules/@paypal/fastlane-sdk-loader/node_modules/@braintree/asset-loader": {
      "version": "2.0.0",
      "resolved": "https://registry.npmjs.org/@braintree/asset-loader/-/asset-loader-2.0.0.tgz",
      "integrity": "sha512-7Zs3/g3lPTfkdtWr7cKh3tk1pDruXR++TXwGKkx7BPuTjjLNFul2JSfI+ScHzNU4u/gZNPNQagsSTlYxIhBgMA==",
      "license": "MIT"
    },
    "node_modules/@popperjs/core": {
      "version": "2.11.8",
      "resolved": "https://registry.npmjs.org/@popperjs/core/-/core-2.11.8.tgz",
      "integrity": "sha512-P1st0aksCrn9sGZhp8GMYwBnQsbvAWsZAX44oXNNvLHGqAOcoVxmjZiohstwQ7SqKnbR47akdNi+uleWD8+g6A==",
      "license": "MIT",
      "funding": {
        "type": "opencollective",
        "url": "https://opencollective.com/popperjs"
      }
    },
    "node_modules/@types/bootstrap": {
      "version": "5.2.11",
      "resolved": "https://registry.npmjs.org/@types/bootstrap/-/bootstrap-5.2.11.tgz",
      "integrity": "sha512-69ykbLiNzQxi6Q/y/aYJLrlzI5QkLQjhIYW2U+cxujBxAmaBtmXKtxnFes59Ttfpt936as6xJU0dYnmVpcwIwg==",
      "license": "MIT",
      "dependencies": {
        "@popperjs/core": "^2.9.2"
      }
    },
    "node_modules/ansi-regex": {
      "version": "5.0.1",
      "resolved": "https://registry.npmjs.org/ansi-regex/-/ansi-regex-5.0.1.tgz",
      "integrity": "sha512-quJQXlTSUGL2LH9SUXo8VwsY4soanhgo6LNSm84E1LBcE8s3O0wpdiRzyR9z/ZZJMlMWv37qOOb9pdJlMUEKFQ==",
      "license": "MIT",
      "engines": {
        "node": ">=8"
      }
    },
    "node_modules/ansi-styles": {
      "version": "4.3.0",
      "resolved": "https://registry.npmjs.org/ansi-styles/-/ansi-styles-4.3.0.tgz",
      "integrity": "sha512-zbB9rCJAT1rbjiVDb2hqKFHNYLxgtk8NURxZ3IZwD3F6NtxbXZQCnnSi1Lkx+IDohdPlFp222wVALIheZJQSEg==",
      "license": "MIT",
      "dependencies": {
        "color-convert": "^2.0.1"
      },
      "engines": {
        "node": ">=8"
      },
      "funding": {
        "url": "https://github.com/chalk/ansi-styles?sponsor=1"
      }
    },
    "node_modules/braintree-web": {
      "version": "3.146.0",
      "resolved": "https://registry.npmjs.org/braintree-web/-/braintree-web-3.146.0.tgz",
      "integrity": "sha512-k0HRzeK30DNTuZAAx+ym0I5ezQHKsms3mwQM/OTVffKbnbBG4vEv/tNK6ieoBAo8Mzx4ZFonCF6syW7UUTlX4Q==",
      "license": "MIT",
      "dependencies": {
        "@braintree/asset-loader": "2.1.0",
        "@braintree/browser-detection": "2.1.0",
        "@braintree/event-emitter": "0.4.1",
        "@braintree/extended-promise": "1.0.0",
        "@braintree/iframer": "2.0.1",
        "@braintree/sanitize-url": "7.0.4",
        "@braintree/uuid": "2.0.0",
        "@braintree/wrap-promise": "2.1.0",
        "@paypal/fastlane-sdk-loader": "1.2.1",
        "card-validator": "10.0.3",
        "credit-card-type": "10.2.0",
        "framebus": "6.2.0",
        "inject-stylesheet": "7.0.0",
        "promise-polyfill": "8.2.3",
        "qrcode": "1.5.4",
        "restricted-input": "4.0.3"
      },
      "engines": {
        "npm": ">11.7.0"
      }
    },
    "node_modules/camelcase": {
      "version": "5.3.1",
      "resolved": "https://registry.npmjs.org/camelcase/-/camelcase-5.3.1.tgz",
      "integrity": "sha512-L28STB170nwWS63UjtlEOE3dldQApaJXZkOI1uMFfzf3rRuPegHaHesyee+YxQ+W6SvRDQV6UrdOdRiR153wJg==",
      "license": "MIT",
      "engines": {
        "node": ">=6"
      }
    },
    "node_modules/card-validator": {
      "version": "10.0.3",
      "resolved": "https://registry.npmjs.org/card-validator/-/card-validator-10.0.3.tgz",
      "integrity": "sha512-xOEDsK3hojV0OIpmrR64eZGpngnOqRDEP20O+WSRtvjLSW6nyekW4i2N9SzYg679uFO3RyHcFHxb+mml5tXc4A==",
      "license": "MIT",
      "dependencies": {
        "credit-card-type": "^10.0.2"
      }
    },
    "node_modules/cliui": {
      "version": "6.0.0",
      "resolved": "https://registry.npmjs.org/cliui/-/cliui-6.0.0.tgz",
      "integrity": "sha512-t6wbgtoCXvAzst7QgXxJYqPt0usEfbgQdftEPbLL/cvv6HPE5VgvqCuAIDR0NgU52ds6rFwqrgakNLrHEjCbrQ==",
      "license": "ISC",
      "dependencies": {
        "string-width": "^4.2.0",
        "strip-ansi": "^6.0.0",
        "wrap-ansi": "^6.2.0"
      }
    },
    "node_modules/color-convert": {
      "version": "2.0.1",
      "resolved": "https://registry.npmjs.org/color-convert/-/color-convert-2.0.1.tgz",
      "integrity": "sha512-RRECPsj7iu/xb5oKYcsFHSppFNnsj/52OVTRKb4zP5onXwVF3zVmmToNcOfGC+CRDpfK/U584fMg38ZHCaElKQ==",
      "license": "MIT",
      "dependencies": {
        "color-name": "~1.1.4"
      },
      "engines": {
        "node": ">=7.0.0"
      }
    },
    "node_modules/color-name": {
      "version": "1.1.4",
      "resolved": "https://registry.npmjs.org/color-name/-/color-name-1.1.4.tgz",
      "integrity": "sha512-dOy+3AuW3a2wNbZHIuMZpTcgjGuLU/uBL/ubcZF9OXbDo8ff4O8yVp5Bf0efS8uEoYo5q4Fx7dY9OgQGXgAsQA==",
      "license": "MIT"
    },
    "node_modules/credit-card-type": {
      "version": "10.2.0",
      "resolved": "https://registry.npmjs.org/credit-card-type/-/credit-card-type-10.2.0.tgz",
      "integrity": "sha512-1bChi7rCJki1/EML5yYy6uVV6mE21/qFUJCTiDUfq4zl3kjXVqLTDd/wI1+Yqk4NlR4fNTJXj6tLEpECWrlY7w==",
      "license": "MIT"
    },
    "node_modules/decamelize": {
      "version": "1.2.0",
      "resolved": "https://registry.npmjs.org/decamelize/-/decamelize-1.2.0.tgz",
      "integrity": "sha512-z2S+W9X73hAUUki+N+9Za2lBlun89zigOyGrsax+KUQ6wKW4ZoWpEYBkGhQjwAjjDCkWxhY0VKEhk8wzY7F5cA==",
      "license": "MIT",
      "engines": {
        "node": ">=0.10.0"
      }
    },
    "node_modules/deepmerge": {
      "version": "4.3.1",
      "resolved": "https://registry.npmjs.org/deepmerge/-/deepmerge-4.3.1.tgz",
      "integrity": "sha512-3sUqbMEc77XqpdNO7FRyRog+eW3ph+GYCbj+rK+uYyRMuwsVy0rMiVtPn+QJlKFvWP/1PYpapqYn0Me2knFn+A==",
      "license": "MIT",
      "engines": {
        "node": ">=0.10.0"
      }
    },
    "node_modules/detectincognitojs": {
      "version": "1.6.0",
      "resolved": "https://registry.npmjs.org/detectincognitojs/-/detectincognitojs-1.6.0.tgz",
      "integrity": "sha512-aOmVmzcPdm1Vovuc0ZHr5Vk86ZSMBUXyvTD2S4JRFZZzg0/gbW8FmM+jDFxKSaDwvlpgH3B103rnxJfAX2ZGqA==",
      "license": "MIT"
    },
    "node_modules/dijkstrajs": {
      "version": "1.0.3",
      "resolved": "https://registry.npmjs.org/dijkstrajs/-/dijkstrajs-1.0.3.tgz",
      "integrity": "sha512-qiSlmBq9+BCdCA/L46dw8Uy93mloxsPSbwnm5yrKn2vMPiy8KyAskTF6zuV/j5BMsmOGZDPs7KjU+mjb670kfA==",
      "license": "MIT"
    },
    "node_modules/emoji-regex": {
      "version": "8.0.0",
      "resolved": "https://registry.npmjs.org/emoji-regex/-/emoji-regex-8.0.0.tgz",
      "integrity": "sha512-MSjYzcWNOA0ewAHpz0MxpYFvwg6yjy1NG3xteoqz644VCo/RPgnr1/GGt+ic3iJTzQ8Eu3TdM14SawnVUmGE6A==",
      "license": "MIT"
    },
    "node_modules/envify": {
      "version": "4.1.0",
      "resolved": "https://registry.npmjs.org/envify/-/envify-4.1.0.tgz",
      "integrity": "sha512-IKRVVoAYr4pIx4yIWNsz9mOsboxlNXiu7TNBnem/K/uTHdkyzXWDzHCK7UTolqBbgaBz0tQHsD3YNls0uIIjiw==",
      "license": "MIT",
      "dependencies": {
        "esprima": "^4.0.0",
        "through": "~2.3.4"
      },
      "bin": {
        "envify": "bin/envify"
      }
    },
    "node_modules/esprima": {
      "version": "4.0.1",
      "resolved": "https://registry.npmjs.org/esprima/-/esprima-4.0.1.tgz",
      "integrity": "sha512-eGuFFw7Upda+g4p+QHvnW0RyTX/SVeJBDM/gCtMARO0cLuT2HcEKnTPvhjV6aGeqrCB/sbNop0Kszm0jsaWU4A==",
      "license": "BSD-2-Clause",
      "bin": {
        "esparse": "bin/esparse.js",
        "esvalidate": "bin/esvalidate.js"
      },
      "engines": {
        "node": ">=4"
      }
    },
    "node_modules/find-up": {
      "version": "4.1.0",
      "resolved": "https://registry.npmjs.org/find-up/-/find-up-4.1.0.tgz",
      "integrity": "sha512-PpOwAdQ/YlXQ2vj8a3h8IipDuYRi3wceVQQGYWxNINccq40Anw7BlsEXCMbt1Zt+OLA6Fq9suIpIWD0OsnISlw==",
      "license": "MIT",
      "dependencies": {
        "locate-path": "^5.0.0",
        "path-exists": "^4.0.0"
      },
      "engines": {
        "node": ">=8"
      }
    },
    "node_modules/framebus": {
      "version": "6.2.0",
      "resolved": "https://registry.npmjs.org/framebus/-/framebus-6.2.0.tgz",
      "integrity": "sha512-EICZE8JPgBetwS+lWCrGPDmhzNmfX8kok+7l9gxt8EnUAoFBbMchydZKTs3aAsw/nR6e2SZUK1ZrZH7fdUsGFQ==",
      "license": "MIT",
      "dependencies": {
        "@braintree/uuid": "^2.0.0"
      }
    },
    "node_modules/get-caller-file": {
      "version": "2.0.5",
      "resolved": "https://registry.npmjs.org/get-caller-file/-/get-caller-file-2.0.5.tgz",
      "integrity": "sha512-DyFP3BM/3YHTQOCUL/w0OZHR0lpKeGrxotcHWcqNEdnltqFwXVfhEBQ94eIo34AfQpo0rGki4cyIiftY06h2Fg==",
      "license": "ISC",
      "engines": {
        "node": "6.* || 8.* || >= 10.*"
      }
    },
    "node_modules/inject-stylesheet": {
      "version": "7.0.0",
      "resolved": "https://registry.npmjs.org/inject-stylesheet/-/inject-stylesheet-7.0.0.tgz",
      "integrity": "sha512-PjZfvYXKKPz7Y8uDAQPbY3qGMzgB5sjU5PDvvdlkqw751iipPULS4pIBzmrWkDV9fgObgSUpxwHGTSufESoPZQ==",
      "license": "MIT"
    },
    "node_modules/is-fullwidth-code-point": {
      "version": "3.0.0",
      "resolved": "https://registry.npmjs.org/is-fullwidth-code-point/-/is-fullwidth-code-point-3.0.0.tgz",
      "integrity": "sha512-zymm5+u+sCsSWyD9qNaejV3DFvhCKclKdizYaJUuHA83RLjb7nSuGnddCHGv0hk+KY7BMAlsWeK4Ueg6EV6XQg==",
      "license": "MIT",
      "engines": {
        "node": ">=8"
      }
    },
    "node_modules/locate-path": {
      "version": "5.0.0",
      "resolved": "https://registry.npmjs.org/locate-path/-/locate-path-5.0.0.tgz",
      "integrity": "sha512-t7hw9pI+WvuwNJXwk5zVHpyhIqzg2qTlklJOf0mVxGSbe3Fp2VieZcduNYjaLDoy6p9uGpQEGWG87WpMKlNq8g==",
      "license": "MIT",
      "dependencies": {
        "p-locate": "^4.1.0"
      },
      "engines": {
        "node": ">=8"
      }
    },
    "node_modules/p-limit": {
      "version": "2.3.0",
      "resolved": "https://registry.npmjs.org/p-limit/-/p-limit-2.3.0.tgz",
      "integrity": "sha512-//88mFWSJx8lxCzwdAABTJL2MyWB12+eIY7MDL2SqLmAkeKU9qxRvWuSyTjm3FUmpBEMuFfckAIqEaVGUDxb6w==",
      "license": "MIT",
      "dependencies": {
        "p-try": "^2.0.0"
      },
      "engines": {
        "node": ">=6"
      },
      "funding": {
        "url": "https://github.com/sponsors/sindresorhus"
      }
    },
    "node_modules/p-locate": {
      "version": "4.1.0",
      "resolved": "https://registry.npmjs.org/p-locate/-/p-locate-4.1.0.tgz",
      "integrity": "sha512-R79ZZ/0wAxKGu3oYMlz8jy/kbhsNrS7SKZ7PxEHBgJ5+F2mtFW2fK2cOtBh1cHYkQsbzFV7I+EoRKe6Yt0oK7A==",
      "license": "MIT",
      "dependencies": {
        "p-limit": "^2.2.0"
      },
      "engines": {
        "node": ">=8"
      }
    },
    "node_modules/p-try": {
      "version": "2.2.0",
      "resolved": "https://registry.npmjs.org/p-try/-/p-try-2.2.0.tgz",
      "integrity": "sha512-R4nPAVTAU0B9D35/Gk3uJf/7XYbQcyohSKdvAxIRSNghFl4e71hVoGnBNQz9cWaXxO2I10KTC+3jMdvvoKw6dQ==",
      "license": "MIT",
      "engines": {
        "node": ">=6"
      }
    },
    "node_modules/path-exists": {
      "version": "4.0.0",
      "resolved": "https://registry.npmjs.org/path-exists/-/path-exists-4.0.0.tgz",
      "integrity": "sha512-ak9Qy5Q7jYb2Wwcey5Fpvg2KoAc/ZIhLSLOSBmRmygPsGwkVVt0fZa0qrtMz+m6tJTAHfZQ8FnmB4MG4LWy7/w==",
      "license": "MIT",
      "engines": {
        "node": ">=8"
      }
    },
    "node_modules/pngjs": {
      "version": "5.0.0",
      "resolved": "https://registry.npmjs.org/pngjs/-/pngjs-5.0.0.tgz",
      "integrity": "sha512-40QW5YalBNfQo5yRYmiw7Yz6TKKVr3h6970B2YE+3fQpsWcrbj1PzJgxeJ19DRQjhMbKPIuMY8rFaXc8moolVw==",
      "license": "MIT",
      "engines": {
        "node": ">=10.13.0"
      }
    },
    "node_modules/promise-polyfill": {
      "version": "8.2.3",
      "resolved": "https://registry.npmjs.org/promise-polyfill/-/promise-polyfill-8.2.3.tgz",
      "integrity": "sha512-Og0+jCRQetV84U8wVjMNccfGCnMQ9mGs9Hv78QFe+pSDD3gWTpz0y+1QCuxy5d/vBFuZ3iwP2eycAkvqIMPmWg==",
      "license": "MIT"
    },
    "node_modules/qrcode": {
      "version": "1.5.4",
      "resolved": "https://registry.npmjs.org/qrcode/-/qrcode-1.5.4.tgz",
      "integrity": "sha512-1ca71Zgiu6ORjHqFBDpnSMTR2ReToX4l1Au1VFLyVeBTFavzQnv5JxMFr3ukHVKpSrSA2MCk0lNJSykjUfz7Zg==",
      "license": "MIT",
      "dependencies": {
        "dijkstrajs": "^1.0.1",
        "pngjs": "^5.0.0",
        "yargs": "^15.3.1"
      },
      "bin": {
        "qrcode": "bin/qrcode"
      },
      "engines": {
        "node": ">=10.13.0"
      }
    },
    "node_modules/require-directory": {
      "version": "2.1.1",
      "resolved": "https://registry.npmjs.org/require-directory/-/require-directory-2.1.1.tgz",
      "integrity": "sha512-fGxEI7+wsG9xrvdjsrlmL22OMTTiHRwAMroiEeMgq8gzoLC/PQr7RsRDSTLUg/bZAZtF+TVIkHc6/4RIKrui+Q==",
      "license": "MIT",
      "engines": {
        "node": ">=0.10.0"
      }
    },
    "node_modules/require-main-filename": {
      "version": "2.0.0",
      "resolved": "https://registry.npmjs.org/require-main-filename/-/require-main-filename-2.0.0.tgz",
      "integrity": "sha512-NKN5kMDylKuldxYLSUfrbo5Tuzh4hd+2E8NPPX02mZtn1VuREQToYe/ZdlJy+J3uCpfaiGF05e7B8W0iXbQHmg==",
      "license": "ISC"
    },
    "node_modules/restricted-input": {
      "version": "4.0.3",
      "resolved": "https://registry.npmjs.org/restricted-input/-/restricted-input-4.0.3.tgz",
      "integrity": "sha512-VpkwT5Fr3DhvoRZfPnmHDhnYAYETjjNzDlvA4NlW0iknFS47C5X4OCHEpOOxaPjvmka5V8d1ty1jVVoorZKvHg==",
      "license": "MIT",
      "dependencies": {
        "@braintree/browser-detection": "^1.17.2"
      }
    },
    "node_modules/restricted-input/node_modules/@braintree/browser-detection": {
      "version": "1.17.2",
      "resolved": "https://registry.npmjs.org/@braintree/browser-detection/-/browser-detection-1.17.2.tgz",
      "integrity": "sha512-DdEX09uYs6kHwGt4cbONlxlta/0hfmrDUncP6EtfZxFVywNF9LeRUyon+2LihJTbqgSnGqz9ZL450hkqBd6oSw==",
      "license": "MIT"
    },
    "node_modules/set-blocking": {
      "version": "2.0.0",
      "resolved": "https://registry.npmjs.org/set-blocking/-/set-blocking-2.0.0.tgz",
      "integrity": "sha512-KiKBS8AnWGEyLzofFfmvKwpdPzqiy16LvQfK3yv/fVH7Bj13/wl3JSR1J+rfgRE9q7xUJK4qvgS8raSOeLUehw==",
      "license": "ISC"
    },
    "node_modules/string-width": {
      "version": "4.2.3",
      "resolved": "https://registry.npmjs.org/string-width/-/string-width-4.2.3.tgz",
      "integrity": "sha512-wKyQRQpjJ0sIp62ErSZdGsjMJWsap5oRNihHhu6G7JVO/9jIB6UyevL+tXuOqrng8j/cxKTWyWUwvSTriiZz/g==",
      "license": "MIT",
      "dependencies": {
        "emoji-regex": "^8.0.0",
        "is-fullwidth-code-point": "^3.0.0",
        "strip-ansi": "^6.0.1"
      },
      "engines": {
        "node": ">=8"
      }
    },
    "node_modules/strip-ansi": {
      "version": "6.0.1",
      "resolved": "https://registry.npmjs.org/strip-ansi/-/strip-ansi-6.0.1.tgz",
      "integrity": "sha512-Y38VPSHcqkFrCpFnQ9vuSXmquuv5oXOKpGeT6aGrr3o3Gc9AlVa6JBfUSOCnbxGGZF+/0ooI7KrPuUSztUdU5A==",
      "license": "MIT",
      "dependencies": {
        "ansi-regex": "^5.0.1"
      },
      "engines": {
        "node": ">=8"
      }
    },
    "node_modules/through": {
      "version": "2.3.8",
      "resolved": "https://registry.npmjs.org/through/-/through-2.3.8.tgz",
      "integrity": "sha512-w89qg7PI8wAdvX60bMDP+bFoD5Dvhm9oLheFp5O4a2QF0cSBGsBX4qZmadPMvVqlLJBBci+WqGGOAPvcDeNSVg==",
      "license": "MIT"
    },
    "node_modules/typescript": {
      "version": "4.9.5",
      "resolved": "https://registry.npmjs.org/typescript/-/typescript-4.9.5.tgz",
      "integrity": "sha512-1FXk9E2Hm+QzZQ7z+McJiHL4NW1F2EzMu9Nq9i3zAaGqibafqYwCVU6WyWAuyQRRzOlxou8xZSyXLEN8oKj24g==",
      "license": "Apache-2.0",
      "bin": {
        "tsc": "bin/tsc",
        "tsserver": "bin/tsserver"
      },
      "engines": {
        "node": ">=4.2.0"
      }
    },
    "node_modules/which-module": {
      "version": "2.0.1",
      "resolved": "https://registry.npmjs.org/which-module/-/which-module-2.0.1.tgz",
      "integrity": "sha512-iBdZ57RDvnOR9AGBhML2vFZf7h8vmBjhoaZqODJBFWHVtKkDmKuHai3cx5PgVMrX5YDNp27AofYbAwctSS+vhQ==",
      "license": "ISC"
    },
    "node_modules/wrap-ansi": {
      "version": "6.2.0",
      "resolved": "https://registry.npmjs.org/wrap-ansi/-/wrap-ansi-6.2.0.tgz",
      "integrity": "sha512-r6lPcBGxZXlIcymEu7InxDMhdW0KDxpLgoFLcguasxCaJ/SOIZwINatK9KY/tf+ZrlywOKU0UDj3ATXUBfxJXA==",
      "license": "MIT",
      "dependencies": {
        "ansi-styles": "^4.0.0",
        "string-width": "^4.1.0",
        "strip-ansi": "^6.0.0"
      },
      "engines": {
        "node": ">=8"
      }
    },
    "node_modules/y18n": {
      "version": "4.0.3",
      "resolved": "https://registry.npmjs.org/y18n/-/y18n-4.0.3.tgz",
      "integrity": "sha512-JKhqTOwSrqNA1NY5lSztJ1GrBiUodLMmIZuLiDaMRJ+itFd+ABVE8XBjOvIWL+rSqNDC74LCSFmlb/U4UZ4hJQ==",
      "license": "ISC"
    },
    "node_modules/yargs": {
      "version": "15.4.1",
      "resolved": "https://registry.npmjs.org/yargs/-/yargs-15.4.1.tgz",
      "integrity": "sha512-aePbxDmcYW++PaqBsJ+HYUFwCdv4LVvdnhBy78E57PIor8/OVvhMrADFFEDh8DHDFRv/O9i3lPhsENjO7QX0+A==",
      "license": "MIT",
      "dependencies": {
        "cliui": "^6.0.0",
        "decamelize": "^1.2.0",
        "find-up": "^4.1.0",
        "get-caller-file": "^2.0.1",
        "require-directory": "^2.1.1",
        "require-main-filename": "^2.0.0",
        "set-blocking": "^2.0.0",
        "string-width": "^4.2.0",
        "which-module": "^2.0.0",
        "y18n": "^4.0.0",
        "yargs-parser": "^18.1.2"
      },
      "engines": {
        "node": ">=8"
      }
    },
    "node_modules/yargs-parser": {
      "version": "18.1.3",
      "resolved": "https://registry.npmjs.org/yargs-parser/-/yargs-parser-18.1.3.tgz",
      "integrity": "sha512-o50j0JeToy/4K6OZcaQmW6lyXXKhq7csREXcDwk2omFPJEwUNOVtJKvmDr9EI1fAJZUyZcRF7kxGBWmRXudrCQ==",
      "license": "ISC",
      "dependencies": {
        "camelcase": "^5.0.0",
        "decamelize": "^1.2.0"
      },
      "engines": {
        "node": ">=6"
      }
    }
  }
}
